// !$*UTF8*$!
{
	archiveVersion = 1;
	classes = {
	};
	objectVersion = 50;
	objects = {

/* Begin PBXBuildFile section */
		C2119BCB23E0081500EC528E /* AppDelegate.swift in Sources */ = {isa = PBXBuildFile; fileRef = C2119BCA23E0081500EC528E /* AppDelegate.swift */; };
		C2119BCD23E0081500EC528E /* SceneDelegate.swift in Sources */ = {isa = PBXBuildFile; fileRef = C2119BCC23E0081500EC528E /* SceneDelegate.swift */; };
		C2119BCF23E0081500EC528E /* ViewController.swift in Sources */ = {isa = PBXBuildFile; fileRef = C2119BCE23E0081500EC528E /* ViewController.swift */; };
		C2119BD223E0081500EC528E /* Main.storyboard in Resources */ = {isa = PBXBuildFile; fileRef = C2119BD023E0081500EC528E /* Main.storyboard */; };
		C2119BD423E0081500EC528E /* Assets.xcassets in Resources */ = {isa = PBXBuildFile; fileRef = C2119BD323E0081500EC528E /* Assets.xcassets */; };
		C2119BD723E0081500EC528E /* LaunchScreen.storyboard in Resources */ = {isa = PBXBuildFile; fileRef = C2119BD523E0081500EC528E /* LaunchScreen.storyboard */; };
		C230B0AA23F6943A0041FD0A /* Like.swift in Sources */ = {isa = PBXBuildFile; fileRef = C230B0A923F6943A0041FD0A /* Like.swift */; };
		C25A0F7523EC8CDE00CAD84B /* FriendsTableViewController.swift in Sources */ = {isa = PBXBuildFile; fileRef = C25A0F7423EC8CDE00CAD84B /* FriendsTableViewController.swift */; };
		C25A0F7823EC8D3A00CAD84B /* FavoriteGroupsTableViewController.swift in Sources */ = {isa = PBXBuildFile; fileRef = C25A0F7723EC8D3A00CAD84B /* FavoriteGroupsTableViewController.swift */; };
		C25A0F7A23EC8D8B00CAD84B /* FriendProfileCollectionViewController.swift in Sources */ = {isa = PBXBuildFile; fileRef = C25A0F7923EC8D8B00CAD84B /* FriendProfileCollectionViewController.swift */; };
		C25A0F7C23EC8DB800CAD84B /* AllGroupsTableViewController.swift in Sources */ = {isa = PBXBuildFile; fileRef = C25A0F7B23EC8DB800CAD84B /* AllGroupsTableViewController.swift */; };
		C27CEC1B23F1534A0011115C /* FriendCell.swift in Sources */ = {isa = PBXBuildFile; fileRef = C27CEC1A23F1534A0011115C /* FriendCell.swift */; };
		C27CEC1D23F153690011115C /* FriendProfileCell.swift in Sources */ = {isa = PBXBuildFile; fileRef = C27CEC1C23F153690011115C /* FriendProfileCell.swift */; };
		C27CEC1F23F1538A0011115C /* GroupCell.swift in Sources */ = {isa = PBXBuildFile; fileRef = C27CEC1E23F1538A0011115C /* GroupCell.swift */; };
		C27CEC2523F158F50011115C /* User.swift in Sources */ = {isa = PBXBuildFile; fileRef = C27CEC2423F158F50011115C /* User.swift */; };
		C27CEC2723F169080011115C /* Group.swift in Sources */ = {isa = PBXBuildFile; fileRef = C27CEC2623F169080011115C /* Group.swift */; };
		C2BCEDEC23FB2609009D981F /* NewsTableViewController.swift in Sources */ = {isa = PBXBuildFile; fileRef = C2BCEDEB23FB2609009D981F /* NewsTableViewController.swift */; };
		C2BCEDEE23FB2639009D981F /* NewsCell.swift in Sources */ = {isa = PBXBuildFile; fileRef = C2BCEDED23FB2639009D981F /* NewsCell.swift */; };
/* End PBXBuildFile section */

/* Begin PBXFileReference section */
		C2119BC723E0081500EC528E /* VKclient.app */ = {isa = PBXFileReference; explicitFileType = wrapper.application; includeInIndex = 0; path = VKclient.app; sourceTree = BUILT_PRODUCTS_DIR; };
		C2119BCA23E0081500EC528E /* AppDelegate.swift */ = {isa = PBXFileReference; lastKnownFileType = sourcecode.swift; path = AppDelegate.swift; sourceTree = "<group>"; };
		C2119BCC23E0081500EC528E /* SceneDelegate.swift */ = {isa = PBXFileReference; lastKnownFileType = sourcecode.swift; path = SceneDelegate.swift; sourceTree = "<group>"; };
		C2119BCE23E0081500EC528E /* ViewController.swift */ = {isa = PBXFileReference; lastKnownFileType = sourcecode.swift; path = ViewController.swift; sourceTree = "<group>"; };
		C2119BD123E0081500EC528E /* Base */ = {isa = PBXFileReference; lastKnownFileType = file.storyboard; name = Base; path = Base.lproj/Main.storyboard; sourceTree = "<group>"; };
		C2119BD323E0081500EC528E /* Assets.xcassets */ = {isa = PBXFileReference; lastKnownFileType = folder.assetcatalog; path = Assets.xcassets; sourceTree = "<group>"; };
		C2119BD623E0081500EC528E /* Base */ = {isa = PBXFileReference; lastKnownFileType = file.storyboard; name = Base; path = Base.lproj/LaunchScreen.storyboard; sourceTree = "<group>"; };
		C2119BD823E0081500EC528E /* Info.plist */ = {isa = PBXFileReference; lastKnownFileType = text.plist.xml; path = Info.plist; sourceTree = "<group>"; };
		C230B0A923F6943A0041FD0A /* Like.swift */ = {isa = PBXFileReference; lastKnownFileType = sourcecode.swift; path = Like.swift; sourceTree = "<group>"; };
		C25A0F7423EC8CDE00CAD84B /* FriendsTableViewController.swift */ = {isa = PBXFileReference; lastKnownFileType = sourcecode.swift; path = FriendsTableViewController.swift; sourceTree = "<group>"; };
		C25A0F7723EC8D3A00CAD84B /* FavoriteGroupsTableViewController.swift */ = {isa = PBXFileReference; lastKnownFileType = sourcecode.swift; path = FavoriteGroupsTableViewController.swift; sourceTree = "<group>"; };
		C25A0F7923EC8D8B00CAD84B /* FriendProfileCollectionViewController.swift */ = {isa = PBXFileReference; lastKnownFileType = sourcecode.swift; path = FriendProfileCollectionViewController.swift; sourceTree = "<group>"; };
		C25A0F7B23EC8DB800CAD84B /* AllGroupsTableViewController.swift */ = {isa = PBXFileReference; lastKnownFileType = sourcecode.swift; path = AllGroupsTableViewController.swift; sourceTree = "<group>"; };
		C27CEC1A23F1534A0011115C /* FriendCell.swift */ = {isa = PBXFileReference; lastKnownFileType = sourcecode.swift; path = FriendCell.swift; sourceTree = "<group>"; };
		C27CEC1C23F153690011115C /* FriendProfileCell.swift */ = {isa = PBXFileReference; lastKnownFileType = sourcecode.swift; path = FriendProfileCell.swift; sourceTree = "<group>"; };
		C27CEC1E23F1538A0011115C /* GroupCell.swift */ = {isa = PBXFileReference; lastKnownFileType = sourcecode.swift; path = GroupCell.swift; sourceTree = "<group>"; };
		C27CEC2423F158F50011115C /* User.swift */ = {isa = PBXFileReference; lastKnownFileType = sourcecode.swift; path = User.swift; sourceTree = "<group>"; };
		C27CEC2623F169080011115C /* Group.swift */ = {isa = PBXFileReference; lastKnownFileType = sourcecode.swift; path = Group.swift; sourceTree = "<group>"; };
		C2BCEDEB23FB2609009D981F /* NewsTableViewController.swift */ = {isa = PBXFileReference; lastKnownFileType = sourcecode.swift; path = NewsTableViewController.swift; sourceTree = "<group>"; };
		C2BCEDED23FB2639009D981F /* NewsCell.swift */ = {isa = PBXFileReference; lastKnownFileType = sourcecode.swift; name = NewsCell.swift; path = VKclient/Cell/NewsCell.swift; sourceTree = SOURCE_ROOT; };
/* End PBXFileReference section */

/* Begin PBXFrameworksBuildPhase section */
		C2119BC423E0081500EC528E /* Frameworks */ = {
			isa = PBXFrameworksBuildPhase;
			buildActionMask = 2147483647;
			files = (
			);
			runOnlyForDeploymentPostprocessing = 0;
		};
/* End PBXFrameworksBuildPhase section */

/* Begin PBXGroup section */
		C2119BBE23E0081500EC528E = {
			isa = PBXGroup;
			children = (
				C2119BC923E0081500EC528E /* VKclient */,
				C2119BC823E0081500EC528E /* Products */,
			);
			sourceTree = "<group>";
		};
		C2119BC823E0081500EC528E /* Products */ = {
			isa = PBXGroup;
			children = (
				C2119BC723E0081500EC528E /* VKclient.app */,
			);
			name = Products;
			sourceTree = "<group>";
		};
		C2119BC923E0081500EC528E /* VKclient */ = {
			isa = PBXGroup;
			children = (
				C2119BCA23E0081500EC528E /* AppDelegate.swift */,
				C2119BCC23E0081500EC528E /* SceneDelegate.swift */,
				C25A0F7323EC8C4000CAD84B /* Storyboards */,
				C25A0F7223EC8C0E00CAD84B /* Controllers */,
				C27CEC1723F152F50011115C /* Cell */,
				C27CEC1923F153050011115C /* Model */,
				C2119BD323E0081500EC528E /* Assets.xcassets */,
				C2119BD823E0081500EC528E /* Info.plist */,
			);
			path = VKclient;
			sourceTree = "<group>";
		};
		C25A0F7223EC8C0E00CAD84B /* Controllers */ = {
			isa = PBXGroup;
			children = (
				C2119BCE23E0081500EC528E /* ViewController.swift */,
				C25A0F7423EC8CDE00CAD84B /* FriendsTableViewController.swift */,
				C25A0F7923EC8D8B00CAD84B /* FriendProfileCollectionViewController.swift */,
				C25A0F7723EC8D3A00CAD84B /* FavoriteGroupsTableViewController.swift */,
				C25A0F7B23EC8DB800CAD84B /* AllGroupsTableViewController.swift */,
				C2BCEDEB23FB2609009D981F /* NewsTableViewController.swift */,
			);
			path = Controllers;
			sourceTree = "<group>";
		};
		C25A0F7323EC8C4000CAD84B /* Storyboards */ = {
			isa = PBXGroup;
			children = (
				C2119BD023E0081500EC528E /* Main.storyboard */,
				C2119BD523E0081500EC528E /* LaunchScreen.storyboard */,
			);
			path = Storyboards;
			sourceTree = "<group>";
		};
		C27CEC1723F152F50011115C /* Cell */ = {
			isa = PBXGroup;
			children = (
				C27CEC1A23F1534A0011115C /* FriendCell.swift */,
				C27CEC1C23F153690011115C /* FriendProfileCell.swift */,
				C27CEC1E23F1538A0011115C /* GroupCell.swift */,
				C2BCEDED23FB2639009D981F /* NewsCell.swift */,
			);
			path = Cell;
			sourceTree = "<group>";
		};
		C27CEC1923F153050011115C /* Model */ = {
			isa = PBXGroup;
			children = (
				C27CEC2423F158F50011115C /* User.swift */,
				C27CEC2623F169080011115C /* Group.swift */,
				C230B0A923F6943A0041FD0A /* Like.swift */,
			);
			path = Model;
			sourceTree = "<group>";
		};
/* End PBXGroup section */

/* Begin PBXNativeTarget section */
		C2119BC623E0081500EC528E /* VKclient */ = {
			isa = PBXNativeTarget;
			buildConfigurationList = C2119BDB23E0081500EC528E /* Build configuration list for PBXNativeTarget "VKclient" */;
			buildPhases = (
				C2119BC323E0081500EC528E /* Sources */,
				C2119BC423E0081500EC528E /* Frameworks */,
				C2119BC523E0081500EC528E /* Resources */,
			);
			buildRules = (
			);
			dependencies = (
			);
			name = VKclient;
			productName = VKclient;
			productReference = C2119BC723E0081500EC528E /* VKclient.app */;
			productType = "com.apple.product-type.application";
		};
/* End PBXNativeTarget section */

/* Begin PBXProject section */
		C2119BBF23E0081500EC528E /* Project object */ = {
			isa = PBXProject;
			attributes = {
				LastSwiftUpdateCheck = 1130;
				LastUpgradeCheck = 1130;
				ORGANIZATIONNAME = "Станислав Буйновский";
				TargetAttributes = {
					C2119BC623E0081500EC528E = {
						CreatedOnToolsVersion = 11.3.1;
					};
				};
			};
			buildConfigurationList = C2119BC223E0081500EC528E /* Build configuration list for PBXProject "VKclient" */;
			compatibilityVersion = "Xcode 9.3";
			developmentRegion = en;
			hasScannedForEncodings = 0;
			knownRegions = (
				en,
				Base,
			);
			mainGroup = C2119BBE23E0081500EC528E;
			productRefGroup = C2119BC823E0081500EC528E /* Products */;
			projectDirPath = "";
			projectRoot = "";
			targets = (
				C2119BC623E0081500EC528E /* VKclient */,
			);
		};
/* End PBXProject section */

/* Begin PBXResourcesBuildPhase section */
		C2119BC523E0081500EC528E /* Resources */ = {
			isa = PBXResourcesBuildPhase;
			buildActionMask = 2147483647;
			files = (
				C2119BD723E0081500EC528E /* LaunchScreen.storyboard in Resources */,
				C2119BD423E0081500EC528E /* Assets.xcassets in Resources */,
				C2119BD223E0081500EC528E /* Main.storyboard in Resources */,
			);
			runOnlyForDeploymentPostprocessing = 0;
		};
/* End PBXResourcesBuildPhase section */

/* Begin PBXSourcesBuildPhase section */
		C2119BC323E0081500EC528E /* Sources */ = {
			isa = PBXSourcesBuildPhase;
			buildActionMask = 2147483647;
			files = (
				C25A0F7C23EC8DB800CAD84B /* AllGroupsTableViewController.swift in Sources */,
				C27CEC1D23F153690011115C /* FriendProfileCell.swift in Sources */,
				C2BCEDEE23FB2639009D981F /* NewsCell.swift in Sources */,
				C2119BCF23E0081500EC528E /* ViewController.swift in Sources */,
				C27CEC2723F169080011115C /* Group.swift in Sources */,
				C230B0AA23F6943A0041FD0A /* Like.swift in Sources */,
				C25A0F7823EC8D3A00CAD84B /* FavoriteGroupsTableViewController.swift in Sources */,
				C27CEC1B23F1534A0011115C /* FriendCell.swift in Sources */,
				C2BCEDEC23FB2609009D981F /* NewsTableViewController.swift in Sources */,
				C27CEC1F23F1538A0011115C /* GroupCell.swift in Sources */,
				C25A0F7523EC8CDE00CAD84B /* FriendsTableViewController.swift in Sources */,
				C2119BCB23E0081500EC528E /* AppDelegate.swift in Sources */,
				C2119BCD23E0081500EC528E /* SceneDelegate.swift in Sources */,
				C25A0F7A23EC8D8B00CAD84B /* FriendProfileCollectionViewController.swift in Sources */,
				C27CEC2523F158F50011115C /* User.swift in Sources */,
			);
			runOnlyForDeploymentPostprocessing = 0;
		};
/* End PBXSourcesBuildPhase section */

/* Begin PBXVariantGroup section */
		C2119BD023E0081500EC528E /* Main.storyboard */ = {
			isa = PBXVariantGroup;
			children = (
				C2119BD123E0081500EC528E /* Base */,
			);
			name = Main.storyboard;
			sourceTree = "<group>";
		};
		C2119BD523E0081500EC528E /* LaunchScreen.storyboard */ = {
			isa = PBXVariantGroup;
			children = (
				C2119BD623E0081500EC528E /* Base */,
			);
			name = LaunchScreen.storyboard;
			sourceTree = "<group>";
		};
/* End PBXVariantGroup section */

/* Begin XCBuildConfiguration section */
		C2119BD923E0081500EC528E /* Debug */ = {
			isa = XCBuildConfiguration;
			buildSettings = {
				ALWAYS_SEARCH_USER_PATHS = NO;
				CLANG_ANALYZER_NONNULL = YES;
				CLANG_ANALYZER_NUMBER_OBJECT_CONVERSION = YES_AGGRESSIVE;
				CLANG_CXX_LANGUAGE_STANDARD = "gnu++14";
				CLANG_CXX_LIBRARY = "libc++";
				CLANG_ENABLE_MODULES = YES;
				CLANG_ENABLE_OBJC_ARC = YES;
				CLANG_ENABLE_OBJC_WEAK = YES;
				CLANG_WARN_BLOCK_CAPTURE_AUTORELEASING = YES;
				CLANG_WARN_BOOL_CONVERSION = YES;
				CLANG_WARN_COMMA = YES;
				CLANG_WARN_CONSTANT_CONVERSION = YES;
				CLANG_WARN_DEPRECATED_OBJC_IMPLEMENTATIONS = YES;
				CLANG_WARN_DIRECT_OBJC_ISA_USAGE = YES_ERROR;
				CLANG_WARN_DOCUMENTATION_COMMENTS = YES;
				CLANG_WARN_EMPTY_BODY = YES;
				CLANG_WARN_ENUM_CONVERSION = YES;
				CLANG_WARN_INFINITE_RECURSION = YES;
				CLANG_WARN_INT_CONVERSION = YES;
				CLANG_WARN_NON_LITERAL_NULL_CONVERSION = YES;
				CLANG_WARN_OBJC_IMPLICIT_RETAIN_SELF = YES;
				CLANG_WARN_OBJC_LITERAL_CONVERSION = YES;
				CLANG_WARN_OBJC_ROOT_CLASS = YES_ERROR;
				CLANG_WARN_RANGE_LOOP_ANALYSIS = YES;
				CLANG_WARN_STRICT_PROTOTYPES = YES;
				CLANG_WARN_SUSPICIOUS_MOVE = YES;
				CLANG_WARN_UNGUARDED_AVAILABILITY = YES_AGGRESSIVE;
				CLANG_WARN_UNREACHABLE_CODE = YES;
				CLANG_WARN__DUPLICATE_METHOD_MATCH = YES;
				COPY_PHASE_STRIP = NO;
				DEBUG_INFORMATION_FORMAT = dwarf;
				ENABLE_STRICT_OBJC_MSGSEND = YES;
				ENABLE_TESTABILITY = YES;
				GCC_C_LANGUAGE_STANDARD = gnu11;
				GCC_DYNAMIC_NO_PIC = NO;
				GCC_NO_COMMON_BLOCKS = YES;
				GCC_OPTIMIZATION_LEVEL = 0;
				GCC_PREPROCESSOR_DEFINITIONS = (
					"DEBUG=1",
					"$(inherited)",
				);
				GCC_WARN_64_TO_32_BIT_CONVERSION = YES;
				GCC_WARN_ABOUT_RETURN_TYPE = YES_ERROR;
				GCC_WARN_UNDECLARED_SELECTOR = YES;
				GCC_WARN_UNINITIALIZED_AUTOS = YES_AGGRESSIVE;
				GCC_WARN_UNUSED_FUNCTION = YES;
				GCC_WARN_UNUSED_VARIABLE = YES;
				IPHONEOS_DEPLOYMENT_TARGET = 13.2;
				MTL_ENABLE_DEBUG_INFO = INCLUDE_SOURCE;
				MTL_FAST_MATH = YES;
				ONLY_ACTIVE_ARCH = YES;
				SDKROOT = iphoneos;
				SWIFT_ACTIVE_COMPILATION_CONDITIONS = DEBUG;
				SWIFT_OPTIMIZATION_LEVEL = "-Onone";
			};
			name = Debug;
		};
		C2119BDA23E0081500EC528E /* Release */ = {
			isa = XCBuildConfiguration;
			buildSettings = {
				ALWAYS_SEARCH_USER_PATHS = NO;
				CLANG_ANALYZER_NONNULL = YES;
				CLANG_ANALYZER_NUMBER_OBJECT_CONVERSION = YES_AGGRESSIVE;
				CLANG_CXX_LANGUAGE_STANDARD = "gnu++14";
				CLANG_CXX_LIBRARY = "libc++";
				CLANG_ENABLE_MODULES = YES;
				CLANG_ENABLE_OBJC_ARC = YES;
				CLANG_ENABLE_OBJC_WEAK = YES;
				CLANG_WARN_BLOCK_CAPTURE_AUTORELEASING = YES;
				CLANG_WARN_BOOL_CONVERSION = YES;
				CLANG_WARN_COMMA = YES;
				CLANG_WARN_CONSTANT_CONVERSION = YES;
				CLANG_WARN_DEPRECATED_OBJC_IMPLEMENTATIONS = YES;
				CLANG_WARN_DIRECT_OBJC_ISA_USAGE = YES_ERROR;
				CLANG_WARN_DOCUMENTATION_COMMENTS = YES;
				CLANG_WARN_EMPTY_BODY = YES;
				CLANG_WARN_ENUM_CONVERSION = YES;
				CLANG_WARN_INFINITE_RECURSION = YES;
				CLANG_WARN_INT_CONVERSION = YES;
				CLANG_WARN_NON_LITERAL_NULL_CONVERSION = YES;
				CLANG_WARN_OBJC_IMPLICIT_RETAIN_SELF = YES;
				CLANG_WARN_OBJC_LITERAL_CONVERSION = YES;
				CLANG_WARN_OBJC_ROOT_CLASS = YES_ERROR;
				CLANG_WARN_RANGE_LOOP_ANALYSIS = YES;
				CLANG_WARN_STRICT_PROTOTYPES = YES;
				CLANG_WARN_SUSPICIOUS_MOVE = YES;
				CLANG_WARN_UNGUARDED_AVAILABILITY = YES_AGGRESSIVE;
				CLANG_WARN_UNREACHABLE_CODE = YES;
				CLANG_WARN__DUPLICATE_METHOD_MATCH = YES;
				COPY_PHASE_STRIP = NO;
				DEBUG_INFORMATION_FORMAT = "dwarf-with-dsym";
				ENABLE_NS_ASSERTIONS = NO;
				ENABLE_STRICT_OBJC_MSGSEND = YES;
				GCC_C_LANGUAGE_STANDARD = gnu11;
				GCC_NO_COMMON_BLOCKS = YES;
				GCC_WARN_64_TO_32_BIT_CONVERSION = YES;
				GCC_WARN_ABOUT_RETURN_TYPE = YES_ERROR;
				GCC_WARN_UNDECLARED_SELECTOR = YES;
				GCC_WARN_UNINITIALIZED_AUTOS = YES_AGGRESSIVE;
				GCC_WARN_UNUSED_FUNCTION = YES;
				GCC_WARN_UNUSED_VARIABLE = YES;
				IPHONEOS_DEPLOYMENT_TARGET = 13.2;
				MTL_ENABLE_DEBUG_INFO = NO;
				MTL_FAST_MATH = YES;
				SDKROOT = iphoneos;
				SWIFT_COMPILATION_MODE = wholemodule;
				SWIFT_OPTIMIZATION_LEVEL = "-O";
				VALIDATE_PRODUCT = YES;
			};
			name = Release;
		};
		C2119BDC23E0081500EC528E /* Debug */ = {
			isa = XCBuildConfiguration;
			buildSettings = {
				ASSETCATALOG_COMPILER_APPICON_NAME = AppIcon;
				CODE_SIGN_STYLE = Automatic;
				INFOPLIST_FILE = VKclient/Info.plist;
				LD_RUNPATH_SEARCH_PATHS = (
					"$(inherited)",
					"@executable_path/Frameworks",
				);
				PRODUCT_BUNDLE_IDENTIFIER = com.sbuinovskiy.VKclient;
				PRODUCT_NAME = "$(TARGET_NAME)";
				SWIFT_VERSION = 5.0;
				TARGETED_DEVICE_FAMILY = "1,2";
			};
			name = Debug;
		};
		C2119BDD23E0081500EC528E /* Release */ = {
			isa = XCBuildConfiguration;
			buildSettings = {
				ASSETCATALOG_COMPILER_APPICON_NAME = AppIcon;
				CODE_SIGN_STYLE = Automatic;
				INFOPLIST_FILE = VKclient/Info.plist;
				LD_RUNPATH_SEARCH_PATHS = (
					"$(inherited)",
					"@executable_path/Frameworks",
				);
				PRODUCT_BUNDLE_IDENTIFIER = com.sbuinovskiy.VKclient;
				PRODUCT_NAME = "$(TARGET_NAME)";
				SWIFT_VERSION = 5.0;
				TARGETED_DEVICE_FAMILY = "1,2";
			};
			name = Release;
		};
/* End XCBuildConfiguration section */

/* Begin XCConfigurationList section */
		C2119BC223E0081500EC528E /* Build configuration list for PBXProject "VKclient" */ = {
			isa = XCConfigurationList;
			buildConfigurations = (
				C2119BD923E0081500EC528E /* Debug */,
				C2119BDA23E0081500EC528E /* Release */,
			);
			defaultConfigurationIsVisible = 0;
			defaultConfigurationName = Release;
		};
		C2119BDB23E0081500EC528E /* Build configuration list for PBXNativeTarget "VKclient" */ = {
			isa = XCConfigurationList;
			buildConfigurations = (
				C2119BDC23E0081500EC528E /* Debug */,
				C2119BDD23E0081500EC528E /* Release */,
			);
			defaultConfigurationIsVisible = 0;
			defaultConfigurationName = Release;
		};
/* End XCConfigurationList section */
	};
	rootObject = C2119BBF23E0081500EC528E /* Project object */;
}
