PODS:
  - Alamofire (5.0.5)
  - Realm (4.4.0):
    - Realm/Headers (= 4.4.0)
  - Realm/Headers (4.4.0)
  - RealmSwift (4.4.0):
    - Realm (= 4.4.0)
  - SwiftyJSON (5.0.0)

DEPENDENCIES:
  - Alamofire
  - RealmSwift
  - SwiftyJSON

SPEC REPOS:
  trunk:
    - Alamofire
    - Realm
    - RealmSwift
    - SwiftyJSON

SPEC CHECKSUMS:
  Alamofire: df2f8f826963b08b9a870791ad48e07a10090b2e
  Realm: e125f464884cda953ebefe70c671b75b03b81b9b
  RealmSwift: 33656a42bd300959a081fc13347376bc478071af
  SwiftyJSON: 36413e04c44ee145039d332b4f4e2d3e8d6c4db7

PODFILE CHECKSUM: b58284bdba50c31c5cac9694c4d8b6930a3e0fc3

COCOAPODS: 1.9.1
